// !$*UTF8*$!
{
	archiveVersion = 1;
	classes = {
	};
	objectVersion = 77;
	objects = {

/* Begin PBXBuildFile section */
		3D17D1952CE7965A001EC760 /* SwiftUIX in Frameworks */ = {isa = PBXBuildFile; productRef = 3D17D1942CE7965A001EC760 /* SwiftUIX */; };
		3D17D1982CE796A5001EC760 /* CUIExpandableButton in Frameworks */ = {isa = PBXBuildFile; productRef = 3D17D1972CE796A5001EC760 /* CUIExpandableButton */; };
		7136E9522D19E6A200C1A286 /* PopupView in Frameworks */ = {isa = PBXBuildFile; productRef = 7136E9512D19E6A200C1A286 /* PopupView */; };
		716022FD2CDB0DEB00E2887B /* Pow in Frameworks */ = {isa = PBXBuildFile; productRef = 716022FC2CDB0DEB00E2887B /* Pow */; };
		B861A85C2CB81714006AF254 /* FirebaseAnalytics in Frameworks */ = {isa = PBXBuildFile; productRef = B861A85B2CB81714006AF254 /* FirebaseAnalytics */; };
		B861A85E2CB81714006AF254 /* FirebaseAnalyticsOnDeviceConversion in Frameworks */ = {isa = PBXBuildFile; productRef = B861A85D2CB81714006AF254 /* FirebaseAnalyticsOnDeviceConversion */; };
		B861A8602CB81714006AF254 /* FirebaseAnalyticsWithoutAdIdSupport in Frameworks */ = {isa = PBXBuildFile; productRef = B861A85F2CB81714006AF254 /* FirebaseAnalyticsWithoutAdIdSupport */; };
		B861A8622CB81714006AF254 /* FirebaseAppCheck in Frameworks */ = {isa = PBXBuildFile; productRef = B861A8612CB81714006AF254 /* FirebaseAppCheck */; };
		B861A8642CB81714006AF254 /* FirebaseAppDistribution-Beta in Frameworks */ = {isa = PBXBuildFile; productRef = B861A8632CB81714006AF254 /* FirebaseAppDistribution-Beta */; };
		B861A8662CB81714006AF254 /* FirebaseAuth in Frameworks */ = {isa = PBXBuildFile; productRef = B861A8652CB81714006AF254 /* FirebaseAuth */; };
		B861A8682CB81714006AF254 /* FirebaseAuthCombine-Community in Frameworks */ = {isa = PBXBuildFile; productRef = B861A8672CB81714006AF254 /* FirebaseAuthCombine-Community */; };
		B861A86A2CB81714006AF254 /* FirebaseCore in Frameworks */ = {isa = PBXBuildFile; productRef = B861A8692CB81714006AF254 /* FirebaseCore */; };
		B861A86C2CB81714006AF254 /* FirebaseCrashlytics in Frameworks */ = {isa = PBXBuildFile; productRef = B861A86B2CB81714006AF254 /* FirebaseCrashlytics */; };
		B861A86E2CB81714006AF254 /* FirebaseDatabase in Frameworks */ = {isa = PBXBuildFile; productRef = B861A86D2CB81714006AF254 /* FirebaseDatabase */; };
		B861A8702CB81714006AF254 /* FirebaseDynamicLinks in Frameworks */ = {isa = PBXBuildFile; productRef = B861A86F2CB81714006AF254 /* FirebaseDynamicLinks */; };
		B861A8722CB81714006AF254 /* FirebaseFirestore in Frameworks */ = {isa = PBXBuildFile; productRef = B861A8712CB81714006AF254 /* FirebaseFirestore */; };
		B861A8742CB81714006AF254 /* FirebaseFirestoreCombine-Community in Frameworks */ = {isa = PBXBuildFile; productRef = B861A8732CB81714006AF254 /* FirebaseFirestoreCombine-Community */; };
		B861A8762CB81714006AF254 /* FirebaseFunctions in Frameworks */ = {isa = PBXBuildFile; productRef = B861A8752CB81714006AF254 /* FirebaseFunctions */; };
		B861A8782CB81714006AF254 /* FirebaseFunctionsCombine-Community in Frameworks */ = {isa = PBXBuildFile; productRef = B861A8772CB81714006AF254 /* FirebaseFunctionsCombine-Community */; };
		B861A87A2CB81714006AF254 /* FirebaseInAppMessaging-Beta in Frameworks */ = {isa = PBXBuildFile; productRef = B861A8792CB81714006AF254 /* FirebaseInAppMessaging-Beta */; };
		B861A87C2CB81714006AF254 /* FirebaseInstallations in Frameworks */ = {isa = PBXBuildFile; productRef = B861A87B2CB81714006AF254 /* FirebaseInstallations */; };
		B861A87E2CB81714006AF254 /* FirebaseMLModelDownloader in Frameworks */ = {isa = PBXBuildFile; productRef = B861A87D2CB81714006AF254 /* FirebaseMLModelDownloader */; };
		B861A8802CB81714006AF254 /* FirebaseMessaging in Frameworks */ = {isa = PBXBuildFile; productRef = B861A87F2CB81714006AF254 /* FirebaseMessaging */; };
		B861A8822CB81714006AF254 /* FirebasePerformance in Frameworks */ = {isa = PBXBuildFile; productRef = B861A8812CB81714006AF254 /* FirebasePerformance */; };
		B861A8842CB81714006AF254 /* FirebaseRemoteConfig in Frameworks */ = {isa = PBXBuildFile; productRef = B861A8832CB81714006AF254 /* FirebaseRemoteConfig */; };
		B861A8862CB81714006AF254 /* FirebaseStorage in Frameworks */ = {isa = PBXBuildFile; productRef = B861A8852CB81714006AF254 /* FirebaseStorage */; };
		B861A8882CB81714006AF254 /* FirebaseStorageCombine-Community in Frameworks */ = {isa = PBXBuildFile; productRef = B861A8872CB81714006AF254 /* FirebaseStorageCombine-Community */; };
		B861A88A2CB81714006AF254 /* FirebaseVertexAI-Preview in Frameworks */ = {isa = PBXBuildFile; productRef = B861A8892CB81714006AF254 /* FirebaseVertexAI-Preview */; };
		B8A6DF642CC14F600014B5F8 /* GoogleSignIn in Frameworks */ = {isa = PBXBuildFile; productRef = B8A6DF632CC14F600014B5F8 /* GoogleSignIn */; };
		B8A6DF662CC14F600014B5F8 /* GoogleSignInSwift in Frameworks */ = {isa = PBXBuildFile; productRef = B8A6DF652CC14F600014B5F8 /* GoogleSignInSwift */; };
		B8BEC6202CCBE5DA00991A38 /* Drops in Frameworks */ = {isa = PBXBuildFile; productRef = B8BEC61F2CCBE5DA00991A38 /* Drops */; };
/* End PBXBuildFile section */

/* Begin PBXFileReference section */
		B861A8472CB811A0006AF254 /* PHS Connect Dev.app */ = {isa = PBXFileReference; explicitFileType = wrapper.application; includeInIndex = 0; path = "PHS Connect Dev.app"; sourceTree = BUILT_PRODUCTS_DIR; };
/* End PBXFileReference section */

/* Begin PBXFileSystemSynchronizedRootGroup section */
		B861A8492CB811A0006AF254 /* User With Tasks */ = {
			isa = PBXFileSystemSynchronizedRootGroup;
			path = "User With Tasks";
			sourceTree = "<group>";
		};
/* End PBXFileSystemSynchronizedRootGroup section */

/* Begin PBXFrameworksBuildPhase section */
		B861A8442CB811A0006AF254 /* Frameworks */ = {
			isa = PBXFrameworksBuildPhase;
			buildActionMask = 2147483647;
			files = (
				B861A88A2CB81714006AF254 /* FirebaseVertexAI-Preview in Frameworks */,
				716022FD2CDB0DEB00E2887B /* Pow in Frameworks */,
				B861A8742CB81714006AF254 /* FirebaseFirestoreCombine-Community in Frameworks */,
				B861A8762CB81714006AF254 /* FirebaseFunctions in Frameworks */,
				B861A8822CB81714006AF254 /* FirebasePerformance in Frameworks */,
				B861A8882CB81714006AF254 /* FirebaseStorageCombine-Community in Frameworks */,
				B8A6DF662CC14F600014B5F8 /* GoogleSignInSwift in Frameworks */,
				B861A8842CB81714006AF254 /* FirebaseRemoteConfig in Frameworks */,
				B861A86E2CB81714006AF254 /* FirebaseDatabase in Frameworks */,
				B861A8702CB81714006AF254 /* FirebaseDynamicLinks in Frameworks */,
				B861A8622CB81714006AF254 /* FirebaseAppCheck in Frameworks */,
				B861A8662CB81714006AF254 /* FirebaseAuth in Frameworks */,
				B861A85C2CB81714006AF254 /* FirebaseAnalytics in Frameworks */,
				B861A8722CB81714006AF254 /* FirebaseFirestore in Frameworks */,
				B861A8802CB81714006AF254 /* FirebaseMessaging in Frameworks */,
				B861A87C2CB81714006AF254 /* FirebaseInstallations in Frameworks */,
				3D17D1952CE7965A001EC760 /* SwiftUIX in Frameworks */,
				B861A8782CB81714006AF254 /* FirebaseFunctionsCombine-Community in Frameworks */,
				B8A6DF642CC14F600014B5F8 /* GoogleSignIn in Frameworks */,
				B861A8642CB81714006AF254 /* FirebaseAppDistribution-Beta in Frameworks */,
				7136E9522D19E6A200C1A286 /* PopupView in Frameworks */,
				B861A8602CB81714006AF254 /* FirebaseAnalyticsWithoutAdIdSupport in Frameworks */,
				B861A87A2CB81714006AF254 /* FirebaseInAppMessaging-Beta in Frameworks */,
				3D17D1982CE796A5001EC760 /* CUIExpandableButton in Frameworks */,
				B861A8682CB81714006AF254 /* FirebaseAuthCombine-Community in Frameworks */,
				B8BEC6202CCBE5DA00991A38 /* Drops in Frameworks */,
				B861A86C2CB81714006AF254 /* FirebaseCrashlytics in Frameworks */,
				B861A87E2CB81714006AF254 /* FirebaseMLModelDownloader in Frameworks */,
				B861A8862CB81714006AF254 /* FirebaseStorage in Frameworks */,
				B861A86A2CB81714006AF254 /* FirebaseCore in Frameworks */,
				B861A85E2CB81714006AF254 /* FirebaseAnalyticsOnDeviceConversion in Frameworks */,
			);
			runOnlyForDeploymentPostprocessing = 0;
		};
/* End PBXFrameworksBuildPhase section */

/* Begin PBXGroup section */
		B861A83E2CB811A0006AF254 = {
			isa = PBXGroup;
			children = (
				B861A8492CB811A0006AF254 /* User With Tasks */,
				B861A8482CB811A0006AF254 /* Products */,
			);
			sourceTree = "<group>";
		};
		B861A8482CB811A0006AF254 /* Products */ = {
			isa = PBXGroup;
			children = (
				B861A8472CB811A0006AF254 /* PHS Connect Dev.app */,
			);
			name = Products;
			sourceTree = "<group>";
		};
/* End PBXGroup section */

/* Begin PBXNativeTarget section */
		B861A8462CB811A0006AF254 /* PHS Connect Dev */ = {
			isa = PBXNativeTarget;
			buildConfigurationList = B861A8552CB811A1006AF254 /* Build configuration list for PBXNativeTarget "PHS Connect Dev" */;
			buildPhases = (
				B861A8432CB811A0006AF254 /* Sources */,
				B861A8442CB811A0006AF254 /* Frameworks */,
				B861A8452CB811A0006AF254 /* Resources */,
			);
			buildRules = (
			);
			dependencies = (
			);
			fileSystemSynchronizedGroups = (
				B861A8492CB811A0006AF254 /* User With Tasks */,
			);
			name = "PHS Connect Dev";
			packageProductDependencies = (
				B861A85B2CB81714006AF254 /* FirebaseAnalytics */,
				B861A85D2CB81714006AF254 /* FirebaseAnalyticsOnDeviceConversion */,
				B861A85F2CB81714006AF254 /* FirebaseAnalyticsWithoutAdIdSupport */,
				B861A8612CB81714006AF254 /* FirebaseAppCheck */,
				B861A8632CB81714006AF254 /* FirebaseAppDistribution-Beta */,
				B861A8652CB81714006AF254 /* FirebaseAuth */,
				B861A8672CB81714006AF254 /* FirebaseAuthCombine-Community */,
				B861A8692CB81714006AF254 /* FirebaseCore */,
				B861A86B2CB81714006AF254 /* FirebaseCrashlytics */,
				B861A86D2CB81714006AF254 /* FirebaseDatabase */,
				B861A86F2CB81714006AF254 /* FirebaseDynamicLinks */,
				B861A8712CB81714006AF254 /* FirebaseFirestore */,
				B861A8732CB81714006AF254 /* FirebaseFirestoreCombine-Community */,
				B861A8752CB81714006AF254 /* FirebaseFunctions */,
				B861A8772CB81714006AF254 /* FirebaseFunctionsCombine-Community */,
				B861A8792CB81714006AF254 /* FirebaseInAppMessaging-Beta */,
				B861A87B2CB81714006AF254 /* FirebaseInstallations */,
				B861A87D2CB81714006AF254 /* FirebaseMLModelDownloader */,
				B861A87F2CB81714006AF254 /* FirebaseMessaging */,
				B861A8812CB81714006AF254 /* FirebasePerformance */,
				B861A8832CB81714006AF254 /* FirebaseRemoteConfig */,
				B861A8852CB81714006AF254 /* FirebaseStorage */,
				B861A8872CB81714006AF254 /* FirebaseStorageCombine-Community */,
				B861A8892CB81714006AF254 /* FirebaseVertexAI-Preview */,
				B8A6DF632CC14F600014B5F8 /* GoogleSignIn */,
				B8A6DF652CC14F600014B5F8 /* GoogleSignInSwift */,
				B8BEC61F2CCBE5DA00991A38 /* Drops */,
				716022FC2CDB0DEB00E2887B /* Pow */,
				3D17D1942CE7965A001EC760 /* SwiftUIX */,
				3D17D1972CE796A5001EC760 /* CUIExpandableButton */,
				7136E9512D19E6A200C1A286 /* PopupView */,
			);
			productName = "User with Tasks";
			productReference = B861A8472CB811A0006AF254 /* PHS Connect Dev.app */;
			productType = "com.apple.product-type.application";
		};
/* End PBXNativeTarget section */

/* Begin PBXProject section */
		B861A83F2CB811A0006AF254 /* Project object */ = {
			isa = PBXProject;
			attributes = {
				BuildIndependentTargetsInParallel = 1;
				LastSwiftUpdateCheck = 1600;
				LastUpgradeCheck = 1600;
				TargetAttributes = {
					B861A8462CB811A0006AF254 = {
						CreatedOnToolsVersion = 16.0;
					};
				};
			};
			buildConfigurationList = B861A8422CB811A0006AF254 /* Build configuration list for PBXProject "PHS Connect Dev" */;
			developmentRegion = en;
			hasScannedForEncodings = 0;
			knownRegions = (
				en,
				Base,
			);
			mainGroup = B861A83E2CB811A0006AF254;
			minimizedProjectReferenceProxies = 1;
			packageReferences = (
				B861A85A2CB81714006AF254 /* XCRemoteSwiftPackageReference "firebase-ios-sdk" */,
				B8A6DF622CC14F600014B5F8 /* XCRemoteSwiftPackageReference "GoogleSignIn-iOS" */,
				B8BEC61E2CCBE5DA00991A38 /* XCRemoteSwiftPackageReference "Drops" */,
				716022FB2CDB0DEB00E2887B /* XCRemoteSwiftPackageReference "Pow" */,
				3D17D1932CE7965A001EC760 /* XCRemoteSwiftPackageReference "SwiftUIX" */,
				3D17D1962CE796A5001EC760 /* XCRemoteSwiftPackageReference "CUIExpandableButton" */,
				7136E9502D19E6A200C1A286 /* XCRemoteSwiftPackageReference "PopupView" */,
			);
			preferredProjectObjectVersion = 77;
			productRefGroup = B861A8482CB811A0006AF254 /* Products */;
			projectDirPath = "";
			projectRoot = "";
			targets = (
				B861A8462CB811A0006AF254 /* PHS Connect Dev */,
			);
		};
/* End PBXProject section */

/* Begin PBXResourcesBuildPhase section */
		B861A8452CB811A0006AF254 /* Resources */ = {
			isa = PBXResourcesBuildPhase;
			buildActionMask = 2147483647;
			files = (
			);
			runOnlyForDeploymentPostprocessing = 0;
		};
/* End PBXResourcesBuildPhase section */

/* Begin PBXSourcesBuildPhase section */
		B861A8432CB811A0006AF254 /* Sources */ = {
			isa = PBXSourcesBuildPhase;
			buildActionMask = 2147483647;
			files = (
			);
			runOnlyForDeploymentPostprocessing = 0;
		};
/* End PBXSourcesBuildPhase section */

/* Begin XCBuildConfiguration section */
		B861A8532CB811A1006AF254 /* Debug */ = {
			isa = XCBuildConfiguration;
			buildSettings = {
				ALWAYS_SEARCH_USER_PATHS = NO;
				ASSETCATALOG_COMPILER_GENERATE_SWIFT_ASSET_SYMBOL_EXTENSIONS = YES;
				CLANG_ANALYZER_NONNULL = YES;
				CLANG_ANALYZER_NUMBER_OBJECT_CONVERSION = YES_AGGRESSIVE;
				CLANG_CXX_LANGUAGE_STANDARD = "gnu++20";
				CLANG_ENABLE_MODULES = YES;
				CLANG_ENABLE_OBJC_ARC = YES;
				CLANG_ENABLE_OBJC_WEAK = YES;
				CLANG_WARN_BLOCK_CAPTURE_AUTORELEASING = YES;
				CLANG_WARN_BOOL_CONVERSION = YES;
				CLANG_WARN_COMMA = YES;
				CLANG_WARN_CONSTANT_CONVERSION = YES;
				CLANG_WARN_DEPRECATED_OBJC_IMPLEMENTATIONS = YES;
				CLANG_WARN_DIRECT_OBJC_ISA_USAGE = YES_ERROR;
				CLANG_WARN_DOCUMENTATION_COMMENTS = YES;
				CLANG_WARN_EMPTY_BODY = YES;
				CLANG_WARN_ENUM_CONVERSION = YES;
				CLANG_WARN_INFINITE_RECURSION = YES;
				CLANG_WARN_INT_CONVERSION = YES;
				CLANG_WARN_NON_LITERAL_NULL_CONVERSION = YES;
				CLANG_WARN_OBJC_IMPLICIT_RETAIN_SELF = YES;
				CLANG_WARN_OBJC_LITERAL_CONVERSION = YES;
				CLANG_WARN_OBJC_ROOT_CLASS = YES_ERROR;
				CLANG_WARN_QUOTED_INCLUDE_IN_FRAMEWORK_HEADER = YES;
				CLANG_WARN_RANGE_LOOP_ANALYSIS = YES;
				CLANG_WARN_STRICT_PROTOTYPES = YES;
				CLANG_WARN_SUSPICIOUS_MOVE = YES;
				CLANG_WARN_UNGUARDED_AVAILABILITY = YES_AGGRESSIVE;
				CLANG_WARN_UNREACHABLE_CODE = YES;
				CLANG_WARN__DUPLICATE_METHOD_MATCH = YES;
				COPY_PHASE_STRIP = NO;
				DEBUG_INFORMATION_FORMAT = dwarf;
				ENABLE_STRICT_OBJC_MSGSEND = YES;
				ENABLE_TESTABILITY = YES;
				ENABLE_USER_SCRIPT_SANDBOXING = YES;
				GCC_C_LANGUAGE_STANDARD = gnu17;
				GCC_DYNAMIC_NO_PIC = NO;
				GCC_NO_COMMON_BLOCKS = YES;
				GCC_OPTIMIZATION_LEVEL = 0;
				GCC_PREPROCESSOR_DEFINITIONS = (
					"DEBUG=1",
					"$(inherited)",
				);
				GCC_WARN_64_TO_32_BIT_CONVERSION = YES;
				GCC_WARN_ABOUT_RETURN_TYPE = YES_ERROR;
				GCC_WARN_UNDECLARED_SELECTOR = YES;
				GCC_WARN_UNINITIALIZED_AUTOS = YES_AGGRESSIVE;
				GCC_WARN_UNUSED_FUNCTION = YES;
				GCC_WARN_UNUSED_VARIABLE = YES;
				IPHONEOS_DEPLOYMENT_TARGET = 18.0;
				LOCALIZATION_PREFERS_STRING_CATALOGS = YES;
				MTL_ENABLE_DEBUG_INFO = INCLUDE_SOURCE;
				MTL_FAST_MATH = YES;
				ONLY_ACTIVE_ARCH = YES;
				SDKROOT = iphoneos;
				SWIFT_ACTIVE_COMPILATION_CONDITIONS = "DEBUG $(inherited)";
				SWIFT_OPTIMIZATION_LEVEL = "-Onone";
			};
			name = Debug;
		};
		B861A8542CB811A1006AF254 /* Release */ = {
			isa = XCBuildConfiguration;
			buildSettings = {
				ALWAYS_SEARCH_USER_PATHS = NO;
				ASSETCATALOG_COMPILER_GENERATE_SWIFT_ASSET_SYMBOL_EXTENSIONS = YES;
				CLANG_ANALYZER_NONNULL = YES;
				CLANG_ANALYZER_NUMBER_OBJECT_CONVERSION = YES_AGGRESSIVE;
				CLANG_CXX_LANGUAGE_STANDARD = "gnu++20";
				CLANG_ENABLE_MODULES = YES;
				CLANG_ENABLE_OBJC_ARC = YES;
				CLANG_ENABLE_OBJC_WEAK = YES;
				CLANG_WARN_BLOCK_CAPTURE_AUTORELEASING = YES;
				CLANG_WARN_BOOL_CONVERSION = YES;
				CLANG_WARN_COMMA = YES;
				CLANG_WARN_CONSTANT_CONVERSION = YES;
				CLANG_WARN_DEPRECATED_OBJC_IMPLEMENTATIONS = YES;
				CLANG_WARN_DIRECT_OBJC_ISA_USAGE = YES_ERROR;
				CLANG_WARN_DOCUMENTATION_COMMENTS = YES;
				CLANG_WARN_EMPTY_BODY = YES;
				CLANG_WARN_ENUM_CONVERSION = YES;
				CLANG_WARN_INFINITE_RECURSION = YES;
				CLANG_WARN_INT_CONVERSION = YES;
				CLANG_WARN_NON_LITERAL_NULL_CONVERSION = YES;
				CLANG_WARN_OBJC_IMPLICIT_RETAIN_SELF = YES;
				CLANG_WARN_OBJC_LITERAL_CONVERSION = YES;
				CLANG_WARN_OBJC_ROOT_CLASS = YES_ERROR;
				CLANG_WARN_QUOTED_INCLUDE_IN_FRAMEWORK_HEADER = YES;
				CLANG_WARN_RANGE_LOOP_ANALYSIS = YES;
				CLANG_WARN_STRICT_PROTOTYPES = YES;
				CLANG_WARN_SUSPICIOUS_MOVE = YES;
				CLANG_WARN_UNGUARDED_AVAILABILITY = YES_AGGRESSIVE;
				CLANG_WARN_UNREACHABLE_CODE = YES;
				CLANG_WARN__DUPLICATE_METHOD_MATCH = YES;
				COPY_PHASE_STRIP = NO;
				DEBUG_INFORMATION_FORMAT = "dwarf-with-dsym";
				ENABLE_NS_ASSERTIONS = NO;
				ENABLE_STRICT_OBJC_MSGSEND = YES;
				ENABLE_USER_SCRIPT_SANDBOXING = YES;
				GCC_C_LANGUAGE_STANDARD = gnu17;
				GCC_NO_COMMON_BLOCKS = YES;
				GCC_WARN_64_TO_32_BIT_CONVERSION = YES;
				GCC_WARN_ABOUT_RETURN_TYPE = YES_ERROR;
				GCC_WARN_UNDECLARED_SELECTOR = YES;
				GCC_WARN_UNINITIALIZED_AUTOS = YES_AGGRESSIVE;
				GCC_WARN_UNUSED_FUNCTION = YES;
				GCC_WARN_UNUSED_VARIABLE = YES;
				IPHONEOS_DEPLOYMENT_TARGET = 18.0;
				LOCALIZATION_PREFERS_STRING_CATALOGS = YES;
				MTL_ENABLE_DEBUG_INFO = NO;
				MTL_FAST_MATH = YES;
				SDKROOT = iphoneos;
				SWIFT_COMPILATION_MODE = wholemodule;
				VALIDATE_PRODUCT = YES;
			};
			name = Release;
		};
		B861A8562CB811A1006AF254 /* Debug */ = {
			isa = XCBuildConfiguration;
			buildSettings = {
				ASSETCATALOG_COMPILER_APPICON_NAME = AppIcon;
				ASSETCATALOG_COMPILER_GLOBAL_ACCENT_COLOR_NAME = AccentColor;
				CODE_SIGN_STYLE = Automatic;
				CURRENT_PROJECT_VERSION = 1;
				DEVELOPMENT_ASSET_PATHS = "\"User with Tasks/Preview Content\"";
				DEVELOPMENT_TEAM = BWYT76Q3DS;
				ENABLE_PREVIEWS = YES;
				GENERATE_INFOPLIST_FILE = YES;
				INFOPLIST_FILE = "User-with-Tasks-Info.plist";
				INFOPLIST_KEY_UIApplicationSceneManifest_Generation = YES;
				INFOPLIST_KEY_UIApplicationSupportsIndirectInputEvents = YES;
				INFOPLIST_KEY_UILaunchScreen_Generation = YES;
				INFOPLIST_KEY_UISupportedInterfaceOrientations_iPad = "UIInterfaceOrientationLandscapeLeft UIInterfaceOrientationLandscapeRight";
				INFOPLIST_KEY_UISupportedInterfaceOrientations_iPhone = "UIInterfaceOrientationPortrait UIInterfaceOrientationLandscapeLeft UIInterfaceOrientationLandscapeRight";
				IPHONEOS_DEPLOYMENT_TARGET = 18.0;
				LD_RUNPATH_SEARCH_PATHS = (
					"$(inherited)",
					"@executable_path/Frameworks",
				);
				MARKETING_VERSION = 0.2.0;
				PRODUCT_BUNDLE_IDENTIFIER = "Sharul2.User-with-Tasks";
				PRODUCT_NAME = "$(TARGET_NAME)";
				SWIFT_EMIT_LOC_STRINGS = YES;
				SWIFT_VERSION = 5.0;
				TARGETED_DEVICE_FAMILY = "1,2";
			};
			name = Debug;
		};
		B861A8572CB811A1006AF254 /* Release */ = {
			isa = XCBuildConfiguration;
			buildSettings = {
				ASSETCATALOG_COMPILER_APPICON_NAME = AppIcon;
				ASSETCATALOG_COMPILER_GLOBAL_ACCENT_COLOR_NAME = AccentColor;
				CODE_SIGN_STYLE = Automatic;
				CURRENT_PROJECT_VERSION = 1;
				DEVELOPMENT_ASSET_PATHS = "\"User with Tasks/Preview Content\"";
				DEVELOPMENT_TEAM = BWYT76Q3DS;
				ENABLE_PREVIEWS = YES;
				GENERATE_INFOPLIST_FILE = YES;
				INFOPLIST_FILE = "User-with-Tasks-Info.plist";
				INFOPLIST_KEY_UIApplicationSceneManifest_Generation = YES;
				INFOPLIST_KEY_UIApplicationSupportsIndirectInputEvents = YES;
				INFOPLIST_KEY_UILaunchScreen_Generation = YES;
				INFOPLIST_KEY_UISupportedInterfaceOrientations_iPad = "UIInterfaceOrientationLandscapeLeft UIInterfaceOrientationLandscapeRight";
				INFOPLIST_KEY_UISupportedInterfaceOrientations_iPhone = "UIInterfaceOrientationPortrait UIInterfaceOrientationLandscapeLeft UIInterfaceOrientationLandscapeRight";
				IPHONEOS_DEPLOYMENT_TARGET = 18.0;
				LD_RUNPATH_SEARCH_PATHS = (
					"$(inherited)",
					"@executable_path/Frameworks",
				);
				MARKETING_VERSION = 0.2.0;
				PRODUCT_BUNDLE_IDENTIFIER = "Sharul2.User-with-Tasks";
				PRODUCT_NAME = "$(TARGET_NAME)";
				SWIFT_EMIT_LOC_STRINGS = YES;
				SWIFT_VERSION = 5.0;
				TARGETED_DEVICE_FAMILY = "1,2";
			};
			name = Release;
		};
/* End XCBuildConfiguration section */

/* Begin XCConfigurationList section */
		B861A8422CB811A0006AF254 /* Build configuration list for PBXProject "PHS Connect Dev" */ = {
			isa = XCConfigurationList;
			buildConfigurations = (
				B861A8532CB811A1006AF254 /* Debug */,
				B861A8542CB811A1006AF254 /* Release */,
			);
			defaultConfigurationIsVisible = 0;
			defaultConfigurationName = Release;
		};
		B861A8552CB811A1006AF254 /* Build configuration list for PBXNativeTarget "PHS Connect Dev" */ = {
			isa = XCConfigurationList;
			buildConfigurations = (
				B861A8562CB811A1006AF254 /* Debug */,
				B861A8572CB811A1006AF254 /* Release */,
			);
			defaultConfigurationIsVisible = 0;
			defaultConfigurationName = Release;
		};
/* End XCConfigurationList section */

/* Begin XCRemoteSwiftPackageReference section */
		3D17D1932CE7965A001EC760 /* XCRemoteSwiftPackageReference "SwiftUIX" */ = {
			isa = XCRemoteSwiftPackageReference;
			repositoryURL = "https://github.com/SwiftUIX/SwiftUIX.git";
			requirement = {
				kind = upToNextMajorVersion;
				minimumVersion = 0.2.3;
			};
		};
		3D17D1962CE796A5001EC760 /* XCRemoteSwiftPackageReference "CUIExpandableButton" */ = {
			isa = XCRemoteSwiftPackageReference;
			repositoryURL = "https://github.com/robhasacamera/CUIExpandableButton.git";
			requirement = {
				kind = upToNextMajorVersion;
				minimumVersion = 0.14.0;
			};
		};
		7136E9502D19E6A200C1A286 /* XCRemoteSwiftPackageReference "PopupView" */ = {
			isa = XCRemoteSwiftPackageReference;
			repositoryURL = "https://github.com/exyte/PopupView.git";
			requirement = {
				kind = upToNextMajorVersion;
				minimumVersion = 3.1.4;
			};
		};
		716022FB2CDB0DEB00E2887B /* XCRemoteSwiftPackageReference "Pow" */ = {
			isa = XCRemoteSwiftPackageReference;
			repositoryURL = "https://github.com/EmergeTools/Pow.git";
			requirement = {
				kind = upToNextMajorVersion;
				minimumVersion = 1.0.4;
			};
		};
		B861A85A2CB81714006AF254 /* XCRemoteSwiftPackageReference "firebase-ios-sdk" */ = {
			isa = XCRemoteSwiftPackageReference;
			repositoryURL = "https://github.com/firebase/firebase-ios-sdk";
			requirement = {
				kind = upToNextMajorVersion;
				minimumVersion = 11.3.0;
			};
		};
		B8A6DF622CC14F600014B5F8 /* XCRemoteSwiftPackageReference "GoogleSignIn-iOS" */ = {
			isa = XCRemoteSwiftPackageReference;
			repositoryURL = "https://github.com/google/GoogleSignIn-iOS";
			requirement = {
				kind = upToNextMajorVersion;
				minimumVersion = 8.0.0;
			};
		};
		B8BEC61E2CCBE5DA00991A38 /* XCRemoteSwiftPackageReference "Drops" */ = {
			isa = XCRemoteSwiftPackageReference;
			repositoryURL = "https://github.com/omaralbeik/Drops.git";
			requirement = {
				kind = upToNextMajorVersion;
				minimumVersion = 1.7.0;
			};
		};
/* End XCRemoteSwiftPackageReference section */

/* Begin XCSwiftPackageProductDependency section */
		3D17D1942CE7965A001EC760 /* SwiftUIX */ = {
			isa = XCSwiftPackageProductDependency;
			package = 3D17D1932CE7965A001EC760 /* XCRemoteSwiftPackageReference "SwiftUIX" */;
			productName = SwiftUIX;
		};
		3D17D1972CE796A5001EC760 /* CUIExpandableButton */ = {
			isa = XCSwiftPackageProductDependency;
			package = 3D17D1962CE796A5001EC760 /* XCRemoteSwiftPackageReference "CUIExpandableButton" */;
			productName = CUIExpandableButton;
		};
		7136E9512D19E6A200C1A286 /* PopupView */ = {
			isa = XCSwiftPackageProductDependency;
			package = 7136E9502D19E6A200C1A286 /* XCRemoteSwiftPackageReference "PopupView" */;
			productName = PopupView;
		};
		716022FC2CDB0DEB00E2887B /* Pow */ = {
			isa = XCSwiftPackageProductDependency;
			package = 716022FB2CDB0DEB00E2887B /* XCRemoteSwiftPackageReference "Pow" */;
			productName = Pow;
		};
		B861A85B2CB81714006AF254 /* FirebaseAnalytics */ = {
			isa = XCSwiftPackageProductDependency;
			package = B861A85A2CB81714006AF254 /* XCRemoteSwiftPackageReference "firebase-ios-sdk" */;
			productName = FirebaseAnalytics;
		};
		B861A85D2CB81714006AF254 /* FirebaseAnalyticsOnDeviceConversion */ = {
			isa = XCSwiftPackageProductDependency;
			package = B861A85A2CB81714006AF254 /* XCRemoteSwiftPackageReference "firebase-ios-sdk" */;
			productName = FirebaseAnalyticsOnDeviceConversion;
		};
		B861A85F2CB81714006AF254 /* FirebaseAnalyticsWithoutAdIdSupport */ = {
			isa = XCSwiftPackageProductDependency;
			package = B861A85A2CB81714006AF254 /* XCRemoteSwiftPackageReference "firebase-ios-sdk" */;
			productName = FirebaseAnalyticsWithoutAdIdSupport;
		};
		B861A8612CB81714006AF254 /* FirebaseAppCheck */ = {
			isa = XCSwiftPackageProductDependency;
			package = B861A85A2CB81714006AF254 /* XCRemoteSwiftPackageReference "firebase-ios-sdk" */;
			productName = FirebaseAppCheck;
		};
		B861A8632CB81714006AF254 /* FirebaseAppDistribution-Beta */ = {
			isa = XCSwiftPackageProductDependency;
			package = B861A85A2CB81714006AF254 /* XCRemoteSwiftPackageReference "firebase-ios-sdk" */;
			productName = "FirebaseAppDistribution-Beta";
		};
		B861A8652CB81714006AF254 /* FirebaseAuth */ = {
			isa = XCSwiftPackageProductDependency;
			package = B861A85A2CB81714006AF254 /* XCRemoteSwiftPackageReference "firebase-ios-sdk" */;
			productName = FirebaseAuth;
		};
		B861A8672CB81714006AF254 /* FirebaseAuthCombine-Community */ = {
			isa = XCSwiftPackageProductDependency;
			package = B861A85A2CB81714006AF254 /* XCRemoteSwiftPackageReference "firebase-ios-sdk" */;
			productName = "FirebaseAuthCombine-Community";
		};
		B861A8692CB81714006AF254 /* FirebaseCore */ = {
			isa = XCSwiftPackageProductDependency;
			package = B861A85A2CB81714006AF254 /* XCRemoteSwiftPackageReference "firebase-ios-sdk" */;
			productName = FirebaseCore;
		};
		B861A86B2CB81714006AF254 /* FirebaseCrashlytics */ = {
			isa = XCSwiftPackageProductDependency;
			package = B861A85A2CB81714006AF254 /* XCRemoteSwiftPackageReference "firebase-ios-sdk" */;
			productName = FirebaseCrashlytics;
		};
		B861A86D2CB81714006AF254 /* FirebaseDatabase */ = {
			isa = XCSwiftPackageProductDependency;
			package = B861A85A2CB81714006AF254 /* XCRemoteSwiftPackageReference "firebase-ios-sdk" */;
			productName = FirebaseDatabase;
		};
		B861A86F2CB81714006AF254 /* FirebaseDynamicLinks */ = {
			isa = XCSwiftPackageProductDependency;
			package = B861A85A2CB81714006AF254 /* XCRemoteSwiftPackageReference "firebase-ios-sdk" */;
			productName = FirebaseDynamicLinks;
		};
		B861A8712CB81714006AF254 /* FirebaseFirestore */ = {
			isa = XCSwiftPackageProductDependency;
			package = B861A85A2CB81714006AF254 /* XCRemoteSwiftPackageReference "firebase-ios-sdk" */;
			productName = FirebaseFirestore;
		};
		B861A8732CB81714006AF254 /* FirebaseFirestoreCombine-Community */ = {
			isa = XCSwiftPackageProductDependency;
			package = B861A85A2CB81714006AF254 /* XCRemoteSwiftPackageReference "firebase-ios-sdk" */;
			productName = "FirebaseFirestoreCombine-Community";
		};
		B861A8752CB81714006AF254 /* FirebaseFunctions */ = {
			isa = XCSwiftPackageProductDependency;
			package = B861A85A2CB81714006AF254 /* XCRemoteSwiftPackageReference "firebase-ios-sdk" */;
			productName = FirebaseFunctions;
		};
		B861A8772CB81714006AF254 /* FirebaseFunctionsCombine-Community */ = {
			isa = XCSwiftPackageProductDependency;
			package = B861A85A2CB81714006AF254 /* XCRemoteSwiftPackageReference "firebase-ios-sdk" */;
			productName = "FirebaseFunctionsCombine-Community";
		};
		B861A8792CB81714006AF254 /* FirebaseInAppMessaging-Beta */ = {
			isa = XCSwiftPackageProductDependency;
			package = B861A85A2CB81714006AF254 /* XCRemoteSwiftPackageReference "firebase-ios-sdk" */;
			productName = "FirebaseInAppMessaging-Beta";
		};
		B861A87B2CB81714006AF254 /* FirebaseInstallations */ = {
			isa = XCSwiftPackageProductDependency;
			package = B861A85A2CB81714006AF254 /* XCRemoteSwiftPackageReference "firebase-ios-sdk" */;
			productName = FirebaseInstallations;
		};
		B861A87D2CB81714006AF254 /* FirebaseMLModelDownloader */ = {
			isa = XCSwiftPackageProductDependency;
			package = B861A85A2CB81714006AF254 /* XCRemoteSwiftPackageReference "firebase-ios-sdk" */;
			productName = FirebaseMLModelDownloader;
		};
		B861A87F2CB81714006AF254 /* FirebaseMessaging */ = {
			isa = XCSwiftPackageProductDependency;
			package = B861A85A2CB81714006AF254 /* XCRemoteSwiftPackageReference "firebase-ios-sdk" */;
			productName = FirebaseMessaging;
		};
		B861A8812CB81714006AF254 /* FirebasePerformance */ = {
			isa = XCSwiftPackageProductDependency;
			package = B861A85A2CB81714006AF254 /* XCRemoteSwiftPackageReference "firebase-ios-sdk" */;
			productName = FirebasePerformance;
		};
		B861A8832CB81714006AF254 /* FirebaseRemoteConfig */ = {
			isa = XCSwiftPackageProductDependency;
			package = B861A85A2CB81714006AF254 /* XCRemoteSwiftPackageReference "firebase-ios-sdk" */;
			productName = FirebaseRemoteConfig;
		};
		B861A8852CB81714006AF254 /* FirebaseStorage */ = {
			isa = XCSwiftPackageProductDependency;
			package = B861A85A2CB81714006AF254 /* XCRemoteSwiftPackageReference "firebase-ios-sdk" */;
			productName = FirebaseStorage;
		};
		B861A8872CB81714006AF254 /* FirebaseStorageCombine-Community */ = {
			isa = XCSwiftPackageProductDependency;
			package = B861A85A2CB81714006AF254 /* XCRemoteSwiftPackageReference "firebase-ios-sdk" */;
			productName = "FirebaseStorageCombine-Community";
		};
		B861A8892CB81714006AF254 /* FirebaseVertexAI-Preview */ = {
			isa = XCSwiftPackageProductDependency;
			package = B861A85A2CB81714006AF254 /* XCRemoteSwiftPackageReference "firebase-ios-sdk" */;
			productName = "FirebaseVertexAI-Preview";
		};
		B8A6DF632CC14F600014B5F8 /* GoogleSignIn */ = {
			isa = XCSwiftPackageProductDependency;
			package = B8A6DF622CC14F600014B5F8 /* XCRemoteSwiftPackageReference "GoogleSignIn-iOS" */;
			productName = GoogleSignIn;
		};
		B8A6DF652CC14F600014B5F8 /* GoogleSignInSwift */ = {
			isa = XCSwiftPackageProductDependency;
			package = B8A6DF622CC14F600014B5F8 /* XCRemoteSwiftPackageReference "GoogleSignIn-iOS" */;
			productName = GoogleSignInSwift;
		};
		B8BEC61F2CCBE5DA00991A38 /* Drops */ = {
			isa = XCSwiftPackageProductDependency;
			package = B8BEC61E2CCBE5DA00991A38 /* XCRemoteSwiftPackageReference "Drops" */;
			productName = Drops;
		};
/* End XCSwiftPackageProductDependency section */
	};
	rootObject = B861A83F2CB811A0006AF254 /* Project object */;
}
